
Microsoft Visual Studio Solution File, Format Version 12.00
# Visual Studio Version 16
VisualStudioVersion = 16.0.31424.327
MinimumVisualStudioVersion = 10.0.40219.1
Project("{9A19103F-16F7-4668-BE54-9A1E7A4F7556}") = "Registration", "Registration.csproj", "{65DBEBA9-7206-4417-B5AA-DA586F4AF838}"
EndProject
Project("{9A19103F-16F7-4668-BE54-9A1E7A4F7556}") = "EFlib", "..\EFlib\EFlib.csproj", "{4A2E1B40-BCB7-48FC-821F-6E7F69BADDC2}"
EndProject
Project("{FAE04EC0-301F-11D3-BF4B-00C04F79EFBC}") = "Types", "..\Types\Types.csproj", "{4017CE59-B7B6-4590-8E64-42BD44C3C135}"
EndProject
Project("{FAE04EC0-301F-11D3-BF4B-00C04F79EFBC}") = "Services", "..\Services\Services.csproj", "{B0385057-DEC7-4E05-908C-0FD1D17DDEA0}"
EndProject
Project("{FAE04EC0-301F-11D3-BF4B-00C04F79EFBC}") = "Common", "..\Common\Common.csproj", "{1AF37BD2-96F4-46C6-B620-9A426161E864}"
EndProject
Global
	GlobalSection(SolutionConfigurationPlatforms) = preSolution
		Debug|Any CPU = Debug|Any CPU
		Release|Any CPU = Release|Any CPU
	EndGlobalSection
	GlobalSection(ProjectConfigurationPlatforms) = postSolution
		{65DBEBA9-7206-4417-B5AA-DA586F4AF838}.Debug|Any CPU.ActiveCfg = Debug|Any CPU
		{65DBEBA9-7206-4417-B5AA-DA586F4AF838}.Debug|Any CPU.Build.0 = Debug|Any CPU
		{65DBEBA9-7206-4417-B5AA-DA586F4AF838}.Release|Any CPU.ActiveCfg = Release|Any CPU
		{65DBEBA9-7206-4417-B5AA-DA586F4AF838}.Release|Any CPU.Build.0 = Release|Any CPU
		{4A2E1B40-BCB7-48FC-821F-6E7F69BADDC2}.Debug|Any CPU.ActiveCfg = Debug|Any CPU
		{4A2E1B40-BCB7-48FC-821F-6E7F69BADDC2}.Debug|Any CPU.Build.0 = Debug|Any CPU
		{4A2E1B40-BCB7-48FC-821F-6E7F69BADDC2}.Release|Any CPU.ActiveCfg = Release|Any CPU
		{4A2E1B40-BCB7-48FC-821F-6E7F69BADDC2}.Release|Any CPU.Build.0 = Release|Any CPU
		{4017CE59-B7B6-4590-8E64-42BD44C3C135}.Debug|Any CPU.ActiveCfg = Debug|Any CPU
		{4017CE59-B7B6-4590-8E64-42BD44C3C135}.Debug|Any CPU.Build.0 = Debug|Any CPU
		{4017CE59-B7B6-4590-8E64-42BD44C3C135}.Release|Any CPU.ActiveCfg = Release|Any CPU
		{4017CE59-B7B6-4590-8E64-42BD44C3C135}.Release|Any CPU.Build.0 = Release|Any CPU
		{B0385057-DEC7-4E05-908C-0FD1D17DDEA0}.Debug|Any CPU.ActiveCfg = Debug|Any CPU
		{B0385057-DEC7-4E05-908C-0FD1D17DDEA0}.Debug|Any CPU.Build.0 = Debug|Any CPU
		{B0385057-DEC7-4E05-908C-0FD1D17DDEA0}.Release|Any CPU.ActiveCfg = Release|Any CPU
		{B0385057-DEC7-4E05-908C-0FD1D17DDEA0}.Release|Any CPU.Build.0 = Release|Any CPU
		{1AF37BD2-96F4-46C6-B620-9A426161E864}.Debug|Any CPU.ActiveCfg = Debug|Any CPU
		{1AF37BD2-96F4-46C6-B620-9A426161E864}.Debug|Any CPU.Build.0 = Debug|Any CPU
		{1AF37BD2-96F4-46C6-B620-9A426161E864}.Release|Any CPU.ActiveCfg = Release|Any CPU
		{1AF37BD2-96F4-46C6-B620-9A426161E864}.Release|Any CPU.Build.0 = Release|Any CPU
	EndGlobalSection
	GlobalSection(SolutionProperties) = preSolution
		HideSolutionNode = FALSE
	EndGlobalSection
	GlobalSection(ExtensibilityGlobals) = postSolution
		SolutionGuid = {290C7251-7C0F-4E44-98C6-5978FAAC61C6}
	EndGlobalSection
EndGlobal
